langcode: en
status: true
dependencies:
  module:
    - commerce_recruiting
  theme:
    - bartik
id: productlinksharingblock
theme: bartik
region: content
weight: 0
provider: null
plugin: commerce_recruiting_link_sharing_block
settings:
  id: commerce_recruiting_link_sharing_block
  label: 'Product link sharing block'
  provider: commerce_recruiting
  label_display: '0'
  context_mapping:
    user: '@user.current_user_context:current_user'
visibility: {  }
